// !$*UTF8*$!
{
	archiveVersion = 1;
	classes = {
	};
	objectVersion = 48;
	objects = {

/* Begin PBXBuildFile section */
		23B842DA3EBA5AC3218C75FA /* Pods_Wootis.framework in Frameworks */ = {isa = PBXBuildFile; fileRef = 7960411884A0D9FEEE21E0DD /* Pods_Wootis.framework */; };
		AC11591C1FF56A6F00B30C79 /* SignUpViewController.swift in Sources */ = {isa = PBXBuildFile; fileRef = AC11591B1FF56A6F00B30C79 /* SignUpViewController.swift */; };
		AC289E182086130600BF9550 /* Config.swift in Sources */ = {isa = PBXBuildFile; fileRef = AC289E172086130600BF9550 /* Config.swift */; };
		AC289E1B208613AC00BF9550 /* Post.swift in Sources */ = {isa = PBXBuildFile; fileRef = AC289E1A208613AC00BF9550 /* Post.swift */; };
		AC3A5D4E208373390085F0CD /* PostViewController.swift in Sources */ = {isa = PBXBuildFile; fileRef = AC3A5D4D208373390085F0CD /* PostViewController.swift */; };
		AC3BF4B720B7257800300B2A /* Users.swift in Sources */ = {isa = PBXBuildFile; fileRef = AC3BF4B620B7257800300B2A /* Users.swift */; };
		AC3BF4B920B8574200300B2A /* CommentViewController.swift in Sources */ = {isa = PBXBuildFile; fileRef = AC3BF4B820B8574200300B2A /* CommentViewController.swift */; };
		AC3BF4BB20B857BE00300B2A /* CommentTableViewCell.swift in Sources */ = {isa = PBXBuildFile; fileRef = AC3BF4BA20B857BE00300B2A /* CommentTableViewCell.swift */; };
		AC3BF4BD20BAA33A00300B2A /* Comment.swift in Sources */ = {isa = PBXBuildFile; fileRef = AC3BF4BC20BAA33A00300B2A /* Comment.swift */; };
		AC3BF4BF20BAE65400300B2A /* PostApi.swift in Sources */ = {isa = PBXBuildFile; fileRef = AC3BF4BE20BAE65400300B2A /* PostApi.swift */; };
		AC3BF4C120BAEC5500300B2A /* UserpApi.swift in Sources */ = {isa = PBXBuildFile; fileRef = AC3BF4C020BAEC5500300B2A /* UserpApi.swift */; };
		AC3BF4C320BAEEFF00300B2A /* Api.swift in Sources */ = {isa = PBXBuildFile; fileRef = AC3BF4C220BAEEFF00300B2A /* Api.swift */; };
		AC3BF4C520BAEFC100300B2A /* CommentApi.swift in Sources */ = {isa = PBXBuildFile; fileRef = AC3BF4C420BAEFC100300B2A /* CommentApi.swift */; };
		AC3BF4C720BAF3F700300B2A /* Post_CommentApi.swift in Sources */ = {isa = PBXBuildFile; fileRef = AC3BF4C620BAF3F700300B2A /* Post_CommentApi.swift */; };
		AC6DBC1E1FED59C800C62610 /* AppDelegate.swift in Sources */ = {isa = PBXBuildFile; fileRef = AC6DBC1D1FED59C800C62610 /* AppDelegate.swift */; };
		AC6DBC251FED59C800C62610 /* Assets.xcassets in Resources */ = {isa = PBXBuildFile; fileRef = AC6DBC241FED59C800C62610 /* Assets.xcassets */; };
		AC6DBC281FED59C800C62610 /* LaunchScreen.storyboard in Resources */ = {isa = PBXBuildFile; fileRef = AC6DBC261FED59C800C62610 /* LaunchScreen.storyboard */; };
		AC6DBC301FED5ADF00C62610 /* Start.storyboard in Resources */ = {isa = PBXBuildFile; fileRef = AC6DBC2F1FED5ADF00C62610 /* Start.storyboard */; };
		AC6DBC321FED5D5D00C62610 /* SignInViewController.swift in Sources */ = {isa = PBXBuildFile; fileRef = AC6DBC311FED5D5D00C62610 /* SignInViewController.swift */; };
		ACA4B264205F0371004BFB87 /* AuthServices.swift in Sources */ = {isa = PBXBuildFile; fileRef = ACA4B263205F0370004BFB87 /* AuthServices.swift */; };
		ACCDE4612073B95F00BD8771 /* ProgressHUD.bundle in Resources */ = {isa = PBXBuildFile; fileRef = ACCDE45E2073B95E00BD8771 /* ProgressHUD.bundle */; };
		ACCDE4622073B95F00BD8771 /* ProgressHUD.m in Sources */ = {isa = PBXBuildFile; fileRef = ACCDE4602073B95F00BD8771 /* ProgressHUD.m */; };
		ACCE6B59204DD80100F1CBEB /* test.storyboard in Resources */ = {isa = PBXBuildFile; fileRef = ACCE6B58204DD80100F1CBEB /* test.storyboard */; };
		ACE8B7142089594700BB8656 /* HomeTableViewCell.swift in Sources */ = {isa = PBXBuildFile; fileRef = ACE8B7132089594700BB8656 /* HomeTableViewCell.swift */; };
		ACF1120420397AE90067B433 /* HomeViewController.swift in Sources */ = {isa = PBXBuildFile; fileRef = ACF1120320397AE90067B433 /* HomeViewController.swift */; };
		ACF1120620397B520067B433 /* SearchViewController.swift in Sources */ = {isa = PBXBuildFile; fileRef = ACF1120520397B520067B433 /* SearchViewController.swift */; };
		ACF1120820397B6F0067B433 /* ProfileViewController.swift in Sources */ = {isa = PBXBuildFile; fileRef = ACF1120720397B6F0067B433 /* ProfileViewController.swift */; };
		ACF1120A2039820E0067B433 /* Main.storyboard in Resources */ = {isa = PBXBuildFile; fileRef = ACF112092039820E0067B433 /* Main.storyboard */; };
		ACF1121620399EE70067B433 /* GoogleService-Info.plist in Resources */ = {isa = PBXBuildFile; fileRef = ACF1121520399EE60067B433 /* GoogleService-Info.plist */; };
/* End PBXBuildFile section */

/* Begin PBXFileReference section */
		7960411884A0D9FEEE21E0DD /* Pods_Wootis.framework */ = {isa = PBXFileReference; explicitFileType = wrapper.framework; includeInIndex = 0; path = Pods_Wootis.framework; sourceTree = BUILT_PRODUCTS_DIR; };
		8672F46D9C6590869CACB5BE /* Pods-Wootis.debug.xcconfig */ = {isa = PBXFileReference; includeInIndex = 1; lastKnownFileType = text.xcconfig; name = "Pods-Wootis.debug.xcconfig"; path = "Pods/Target Support Files/Pods-Wootis/Pods-Wootis.debug.xcconfig"; sourceTree = "<group>"; };
		AC11591B1FF56A6F00B30C79 /* SignUpViewController.swift */ = {isa = PBXFileReference; lastKnownFileType = sourcecode.swift; path = SignUpViewController.swift; sourceTree = "<group>"; };
		AC289E172086130600BF9550 /* Config.swift */ = {isa = PBXFileReference; lastKnownFileType = sourcecode.swift; path = Config.swift; sourceTree = "<group>"; };
		AC289E1A208613AC00BF9550 /* Post.swift */ = {isa = PBXFileReference; lastKnownFileType = sourcecode.swift; path = Post.swift; sourceTree = "<group>"; };
		AC3A5D4D208373390085F0CD /* PostViewController.swift */ = {isa = PBXFileReference; lastKnownFileType = sourcecode.swift; path = PostViewController.swift; sourceTree = "<group>"; };
		AC3BF4B620B7257800300B2A /* Users.swift */ = {isa = PBXFileReference; lastKnownFileType = sourcecode.swift; path = Users.swift; sourceTree = "<group>"; };
		AC3BF4B820B8574200300B2A /* CommentViewController.swift */ = {isa = PBXFileReference; lastKnownFileType = sourcecode.swift; path = CommentViewController.swift; sourceTree = "<group>"; };
		AC3BF4BA20B857BE00300B2A /* CommentTableViewCell.swift */ = {isa = PBXFileReference; lastKnownFileType = sourcecode.swift; path = CommentTableViewCell.swift; sourceTree = "<group>"; };
		AC3BF4BC20BAA33A00300B2A /* Comment.swift */ = {isa = PBXFileReference; lastKnownFileType = sourcecode.swift; path = Comment.swift; sourceTree = "<group>"; };
		AC3BF4BE20BAE65400300B2A /* PostApi.swift */ = {isa = PBXFileReference; lastKnownFileType = sourcecode.swift; path = PostApi.swift; sourceTree = "<group>"; };
		AC3BF4C020BAEC5500300B2A /* UserpApi.swift */ = {isa = PBXFileReference; lastKnownFileType = sourcecode.swift; path = UserpApi.swift; sourceTree = "<group>"; };
		AC3BF4C220BAEEFF00300B2A /* Api.swift */ = {isa = PBXFileReference; lastKnownFileType = sourcecode.swift; path = Api.swift; sourceTree = "<group>"; };
		AC3BF4C420BAEFC100300B2A /* CommentApi.swift */ = {isa = PBXFileReference; lastKnownFileType = sourcecode.swift; path = CommentApi.swift; sourceTree = "<group>"; };
		AC3BF4C620BAF3F700300B2A /* Post_CommentApi.swift */ = {isa = PBXFileReference; lastKnownFileType = sourcecode.swift; path = Post_CommentApi.swift; sourceTree = "<group>"; };
		AC6DBC1A1FED59C800C62610 /* Wootis.app */ = {isa = PBXFileReference; explicitFileType = wrapper.application; includeInIndex = 0; path = Wootis.app; sourceTree = BUILT_PRODUCTS_DIR; };
		AC6DBC1D1FED59C800C62610 /* AppDelegate.swift */ = {isa = PBXFileReference; lastKnownFileType = sourcecode.swift; path = AppDelegate.swift; sourceTree = "<group>"; };
		AC6DBC241FED59C800C62610 /* Assets.xcassets */ = {isa = PBXFileReference; lastKnownFileType = folder.assetcatalog; path = Assets.xcassets; sourceTree = "<group>"; };
		AC6DBC271FED59C800C62610 /* Base */ = {isa = PBXFileReference; lastKnownFileType = file.storyboard; name = Base; path = Base.lproj/LaunchScreen.storyboard; sourceTree = "<group>"; };
		AC6DBC291FED59C800C62610 /* Info.plist */ = {isa = PBXFileReference; lastKnownFileType = text.plist.xml; path = Info.plist; sourceTree = "<group>"; };
		AC6DBC2F1FED5ADF00C62610 /* Start.storyboard */ = {isa = PBXFileReference; lastKnownFileType = file.storyboard; path = Start.storyboard; sourceTree = "<group>"; };
		AC6DBC311FED5D5D00C62610 /* SignInViewController.swift */ = {isa = PBXFileReference; lastKnownFileType = sourcecode.swift; path = SignInViewController.swift; sourceTree = "<group>"; };
		ACA4B263205F0370004BFB87 /* AuthServices.swift */ = {isa = PBXFileReference; lastKnownFileType = sourcecode.swift; path = AuthServices.swift; sourceTree = "<group>"; };
		ACCDE45D2073B95D00BD8771 /* Wootis-Bridging-Header.h */ = {isa = PBXFileReference; lastKnownFileType = sourcecode.c.h; path = "Wootis-Bridging-Header.h"; sourceTree = "<group>"; };
		ACCDE45E2073B95E00BD8771 /* ProgressHUD.bundle */ = {isa = PBXFileReference; lastKnownFileType = "wrapper.plug-in"; path = ProgressHUD.bundle; sourceTree = "<group>"; };
		ACCDE45F2073B95F00BD8771 /* ProgressHUD.h */ = {isa = PBXFileReference; fileEncoding = 4; lastKnownFileType = sourcecode.c.h; path = ProgressHUD.h; sourceTree = "<group>"; };
		ACCDE4602073B95F00BD8771 /* ProgressHUD.m */ = {isa = PBXFileReference; fileEncoding = 4; lastKnownFileType = sourcecode.c.objc; path = ProgressHUD.m; sourceTree = "<group>"; };
		ACCE6B58204DD80100F1CBEB /* test.storyboard */ = {isa = PBXFileReference; fileEncoding = 4; lastKnownFileType = file.storyboard; path = test.storyboard; sourceTree = "<group>"; };
		ACE8B7132089594700BB8656 /* HomeTableViewCell.swift */ = {isa = PBXFileReference; lastKnownFileType = sourcecode.swift; path = HomeTableViewCell.swift; sourceTree = "<group>"; };
		ACF1120320397AE90067B433 /* HomeViewController.swift */ = {isa = PBXFileReference; lastKnownFileType = sourcecode.swift; path = HomeViewController.swift; sourceTree = "<group>"; };
		ACF1120520397B520067B433 /* SearchViewController.swift */ = {isa = PBXFileReference; lastKnownFileType = sourcecode.swift; path = SearchViewController.swift; sourceTree = "<group>"; };
		ACF1120720397B6F0067B433 /* ProfileViewController.swift */ = {isa = PBXFileReference; lastKnownFileType = sourcecode.swift; path = ProfileViewController.swift; sourceTree = "<group>"; };
		ACF112092039820E0067B433 /* Main.storyboard */ = {isa = PBXFileReference; fileEncoding = 4; lastKnownFileType = file.storyboard; path = Main.storyboard; sourceTree = "<group>"; };
		ACF1121520399EE60067B433 /* GoogleService-Info.plist */ = {isa = PBXFileReference; fileEncoding = 4; lastKnownFileType = text.plist.xml; path = "GoogleService-Info.plist"; sourceTree = "<group>"; };
		B114D64ABE5D76283EF4376B /* Pods-Wootis.release.xcconfig */ = {isa = PBXFileReference; includeInIndex = 1; lastKnownFileType = text.xcconfig; name = "Pods-Wootis.release.xcconfig"; path = "Pods/Target Support Files/Pods-Wootis/Pods-Wootis.release.xcconfig"; sourceTree = "<group>"; };
/* End PBXFileReference section */

/* Begin PBXFrameworksBuildPhase section */
		AC6DBC171FED59C800C62610 /* Frameworks */ = {
			isa = PBXFrameworksBuildPhase;
			buildActionMask = 2147483647;
			files = (
				23B842DA3EBA5AC3218C75FA /* Pods_Wootis.framework in Frameworks */,
			);
			runOnlyForDeploymentPostprocessing = 0;
		};
/* End PBXFrameworksBuildPhase section */

/* Begin PBXGroup section */
		0C2ED9AB809C9B11528223DC /* Frameworks */ = {
			isa = PBXGroup;
			children = (
				7960411884A0D9FEEE21E0DD /* Pods_Wootis.framework */,
			);
			name = Frameworks;
			sourceTree = "<group>";
		};
		AC289E192086136400BF9550 /* Model */ = {
			isa = PBXGroup;
			children = (
				AC289E1A208613AC00BF9550 /* Post.swift */,
				AC3BF4BC20BAA33A00300B2A /* Comment.swift */,
				AC3BF4B620B7257800300B2A /* Users.swift */,
			);
			path = Model;
			sourceTree = "<group>";
		};
		AC6DBC111FED59C800C62610 = {
			isa = PBXGroup;
			children = (
				AC6DBC1C1FED59C800C62610 /* Wootis */,
				AC6DBC1B1FED59C800C62610 /* Products */,
				C0424F88C4B82F04AAEEBB4A /* Pods */,
				0C2ED9AB809C9B11528223DC /* Frameworks */,
			);
			sourceTree = "<group>";
		};
		AC6DBC1B1FED59C800C62610 /* Products */ = {
			isa = PBXGroup;
			children = (
				AC6DBC1A1FED59C800C62610 /* Wootis.app */,
			);
			name = Products;
			sourceTree = "<group>";
		};
		AC6DBC1C1FED59C800C62610 /* Wootis */ = {
			isa = PBXGroup;
			children = (
				AC6DBC1D1FED59C800C62610 /* AppDelegate.swift */,
				ACA4B263205F0370004BFB87 /* AuthServices.swift */,
				AC3BF4C220BAEEFF00300B2A /* Api.swift */,
				AC3BF4C020BAEC5500300B2A /* UserpApi.swift */,
				AC3BF4BE20BAE65400300B2A /* PostApi.swift */,
				AC3BF4C420BAEFC100300B2A /* CommentApi.swift */,
				AC3BF4C620BAF3F700300B2A /* Post_CommentApi.swift */,
				AC289E192086136400BF9550 /* Model */,
				ACE8B7112089588B00BB8656 /* ViewControllers */,
				ACE8B7152089594C00BB8656 /* Views */,
				ACE8B712208958C600BB8656 /* Storyboards */,
				AC6DBC241FED59C800C62610 /* Assets.xcassets */,
				AC6DBC291FED59C800C62610 /* Info.plist */,
				ACF1121520399EE60067B433 /* GoogleService-Info.plist */,
				ACCDE45E2073B95E00BD8771 /* ProgressHUD.bundle */,
				ACCDE45F2073B95F00BD8771 /* ProgressHUD.h */,
				ACCDE4602073B95F00BD8771 /* ProgressHUD.m */,
				ACCDE45D2073B95D00BD8771 /* Wootis-Bridging-Header.h */,
				AC289E172086130600BF9550 /* Config.swift */,
			);
			path = Wootis;
			sourceTree = "<group>";
		};
		ACE8B7112089588B00BB8656 /* ViewControllers */ = {
			isa = PBXGroup;
			children = (
				AC6DBC311FED5D5D00C62610 /* SignInViewController.swift */,
				AC11591B1FF56A6F00B30C79 /* SignUpViewController.swift */,
				AC3BF4B820B8574200300B2A /* CommentViewController.swift */,
				ACF1120320397AE90067B433 /* HomeViewController.swift */,
				ACF1120720397B6F0067B433 /* ProfileViewController.swift */,
				ACF1120520397B520067B433 /* SearchViewController.swift */,
				AC3A5D4D208373390085F0CD /* PostViewController.swift */,
			);
			path = ViewControllers;
			sourceTree = "<group>";
		};
		ACE8B712208958C600BB8656 /* Storyboards */ = {
			isa = PBXGroup;
			children = (
				AC6DBC2F1FED5ADF00C62610 /* Start.storyboard */,
				ACF112092039820E0067B433 /* Main.storyboard */,
				ACCE6B58204DD80100F1CBEB /* test.storyboard */,
				AC6DBC261FED59C800C62610 /* LaunchScreen.storyboard */,
			);
			path = Storyboards;
			sourceTree = "<group>";
		};
		ACE8B7152089594C00BB8656 /* Views */ = {
			isa = PBXGroup;
			children = (
				ACE8B7132089594700BB8656 /* HomeTableViewCell.swift */,
				AC3BF4BA20B857BE00300B2A /* CommentTableViewCell.swift */,
			);
			path = Views;
			sourceTree = "<group>";
		};
		C0424F88C4B82F04AAEEBB4A /* Pods */ = {
			isa = PBXGroup;
			children = (
				8672F46D9C6590869CACB5BE /* Pods-Wootis.debug.xcconfig */,
				B114D64ABE5D76283EF4376B /* Pods-Wootis.release.xcconfig */,
			);
			name = Pods;
			sourceTree = "<group>";
		};
/* End PBXGroup section */

/* Begin PBXNativeTarget section */
		AC6DBC191FED59C800C62610 /* Wootis */ = {
			isa = PBXNativeTarget;
			buildConfigurationList = AC6DBC2C1FED59C800C62610 /* Build configuration list for PBXNativeTarget "Wootis" */;
			buildPhases = (
				146D48ACAEB6DA40C25A4C97 /* [CP] Check Pods Manifest.lock */,
				AC6DBC161FED59C800C62610 /* Sources */,
				AC6DBC171FED59C800C62610 /* Frameworks */,
				AC6DBC181FED59C800C62610 /* Resources */,
				C81AEF33C77781A183BD94B9 /* [CP] Embed Pods Frameworks */,
			);
			buildRules = (
			);
			dependencies = (
			);
			name = Wootis;
			productName = Wootis;
			productReference = AC6DBC1A1FED59C800C62610 /* Wootis.app */;
			productType = "com.apple.product-type.application";
		};
/* End PBXNativeTarget section */

/* Begin PBXProject section */
		AC6DBC121FED59C800C62610 /* Project object */ = {
			isa = PBXProject;
			attributes = {
				LastSwiftUpdateCheck = 0920;
				LastUpgradeCheck = 0920;
				ORGANIZATIONNAME = Wootis.inc;
				TargetAttributes = {
					AC6DBC191FED59C800C62610 = {
						CreatedOnToolsVersion = 9.2;
						LastSwiftMigration = 0920;
						ProvisioningStyle = Automatic;
					};
				};
			};
			buildConfigurationList = AC6DBC151FED59C800C62610 /* Build configuration list for PBXProject "Wootis" */;
			compatibilityVersion = "Xcode 8.0";
			developmentRegion = en;
			hasScannedForEncodings = 0;
			knownRegions = (
				en,
				Base,
			);
			mainGroup = AC6DBC111FED59C800C62610;
			productRefGroup = AC6DBC1B1FED59C800C62610 /* Products */;
			projectDirPath = "";
			projectRoot = "";
			targets = (
				AC6DBC191FED59C800C62610 /* Wootis */,
			);
		};
/* End PBXProject section */

/* Begin PBXResourcesBuildPhase section */
		AC6DBC181FED59C800C62610 /* Resources */ = {
			isa = PBXResourcesBuildPhase;
			buildActionMask = 2147483647;
			files = (
				AC6DBC281FED59C800C62610 /* LaunchScreen.storyboard in Resources */,
				AC6DBC251FED59C800C62610 /* Assets.xcassets in Resources */,
				ACCDE4612073B95F00BD8771 /* ProgressHUD.bundle in Resources */,
				ACF1121620399EE70067B433 /* GoogleService-Info.plist in Resources */,
				AC6DBC301FED5ADF00C62610 /* Start.storyboard in Resources */,
				ACCE6B59204DD80100F1CBEB /* test.storyboard in Resources */,
				ACF1120A2039820E0067B433 /* Main.storyboard in Resources */,
			);
			runOnlyForDeploymentPostprocessing = 0;
		};
/* End PBXResourcesBuildPhase section */

/* Begin PBXShellScriptBuildPhase section */
		146D48ACAEB6DA40C25A4C97 /* [CP] Check Pods Manifest.lock */ = {
			isa = PBXShellScriptBuildPhase;
			buildActionMask = 2147483647;
			files = (
			);
			inputPaths = (
				"${PODS_PODFILE_DIR_PATH}/Podfile.lock",
				"${PODS_ROOT}/Manifest.lock",
			);
			name = "[CP] Check Pods Manifest.lock";
			outputPaths = (
				"$(DERIVED_FILE_DIR)/Pods-Wootis-checkManifestLockResult.txt",
			);
			runOnlyForDeploymentPostprocessing = 0;
			shellPath = /bin/sh;
			shellScript = "diff \"${PODS_PODFILE_DIR_PATH}/Podfile.lock\" \"${PODS_ROOT}/Manifest.lock\" > /dev/null\nif [ $? != 0 ] ; then\n    # print error to STDERR\n    echo \"error: The sandbox is not in sync with the Podfile.lock. Run 'pod install' or update your CocoaPods installation.\" >&2\n    exit 1\nfi\n# This output is used by Xcode 'outputs' to avoid re-running this script phase.\necho \"SUCCESS\" > \"${SCRIPT_OUTPUT_FILE_0}\"\n";
			showEnvVarsInLog = 0;
		};
		C81AEF33C77781A183BD94B9 /* [CP] Embed Pods Frameworks */ = {
			isa = PBXShellScriptBuildPhase;
			buildActionMask = 2147483647;
			files = (
			);
			inputPaths = (
				"${SRCROOT}/Pods/Target Support Files/Pods-Wootis/Pods-Wootis-frameworks.sh",
				"${BUILT_PRODUCTS_DIR}/Cache/Cache.framework",
				"${BUILT_PRODUCTS_DIR}/GTMSessionFetcher/GTMSessionFetcher.framework",
				"${BUILT_PRODUCTS_DIR}/GoogleToolboxForMac/GoogleToolboxForMac.framework",
				"${BUILT_PRODUCTS_DIR}/Hue/Hue.framework",
				"${BUILT_PRODUCTS_DIR}/ImagePicker/ImagePicker.framework",
				"${BUILT_PRODUCTS_DIR}/Imaginary/Imaginary.framework",
				"${BUILT_PRODUCTS_DIR}/Lightbox/Lightbox.framework",
				"${BUILT_PRODUCTS_DIR}/SDWebImage/SDWebImage.framework",
				"${BUILT_PRODUCTS_DIR}/leveldb-library/leveldb.framework",
				"${BUILT_PRODUCTS_DIR}/nanopb/nanopb.framework",
			);
			name = "[CP] Embed Pods Frameworks";
			outputPaths = (
				"${TARGET_BUILD_DIR}/${FRAMEWORKS_FOLDER_PATH}/Cache.framework",
				"${TARGET_BUILD_DIR}/${FRAMEWORKS_FOLDER_PATH}/GTMSessionFetcher.framework",
				"${TARGET_BUILD_DIR}/${FRAMEWORKS_FOLDER_PATH}/GoogleToolboxForMac.framework",
				"${TARGET_BUILD_DIR}/${FRAMEWORKS_FOLDER_PATH}/Hue.framework",
				"${TARGET_BUILD_DIR}/${FRAMEWORKS_FOLDER_PATH}/ImagePicker.framework",
				"${TARGET_BUILD_DIR}/${FRAMEWORKS_FOLDER_PATH}/Imaginary.framework",
				"${TARGET_BUILD_DIR}/${FRAMEWORKS_FOLDER_PATH}/Lightbox.framework",
				"${TARGET_BUILD_DIR}/${FRAMEWORKS_FOLDER_PATH}/SDWebImage.framework",
				"${TARGET_BUILD_DIR}/${FRAMEWORKS_FOLDER_PATH}/leveldb.framework",
				"${TARGET_BUILD_DIR}/${FRAMEWORKS_FOLDER_PATH}/nanopb.framework",
			);
			runOnlyForDeploymentPostprocessing = 0;
			shellPath = /bin/sh;
			shellScript = "\"${SRCROOT}/Pods/Target Support Files/Pods-Wootis/Pods-Wootis-frameworks.sh\"\n";
			showEnvVarsInLog = 0;
		};
/* End PBXShellScriptBuildPhase section */

/* Begin PBXSourcesBuildPhase section */
		AC6DBC161FED59C800C62610 /* Sources */ = {
			isa = PBXSourcesBuildPhase;
			buildActionMask = 2147483647;
			files = (
				AC3BF4B920B8574200300B2A /* CommentViewController.swift in Sources */,
				AC3BF4B720B7257800300B2A /* Users.swift in Sources */,
				AC3A5D4E208373390085F0CD /* PostViewController.swift in Sources */,
				AC3BF4C320BAEEFF00300B2A /* Api.swift in Sources */,
				AC289E1B208613AC00BF9550 /* Post.swift in Sources */,
				ACF1120820397B6F0067B433 /* ProfileViewController.swift in Sources */,
				ACF1120620397B520067B433 /* SearchViewController.swift in Sources */,
				AC3BF4C720BAF3F700300B2A /* Post_CommentApi.swift in Sources */,
				ACA4B264205F0371004BFB87 /* AuthServices.swift in Sources */,
				AC3BF4BB20B857BE00300B2A /* CommentTableViewCell.swift in Sources */,
				AC11591C1FF56A6F00B30C79 /* SignUpViewController.swift in Sources */,
				ACE8B7142089594700BB8656 /* HomeTableViewCell.swift in Sources */,
				AC6DBC321FED5D5D00C62610 /* SignInViewController.swift in Sources */,
				AC3BF4C520BAEFC100300B2A /* CommentApi.swift in Sources */,
				AC3BF4BD20BAA33A00300B2A /* Comment.swift in Sources */,
				AC3BF4C120BAEC5500300B2A /* UserpApi.swift in Sources */,
				AC6DBC1E1FED59C800C62610 /* AppDelegate.swift in Sources */,
				AC289E182086130600BF9550 /* Config.swift in Sources */,
				ACCDE4622073B95F00BD8771 /* ProgressHUD.m in Sources */,
				ACF1120420397AE90067B433 /* HomeViewController.swift in Sources */,
				AC3BF4BF20BAE65400300B2A /* PostApi.swift in Sources */,
			);
			runOnlyForDeploymentPostprocessing = 0;
		};
/* End PBXSourcesBuildPhase section */

/* Begin PBXVariantGroup section */
		AC6DBC261FED59C800C62610 /* LaunchScreen.storyboard */ = {
			isa = PBXVariantGroup;
			children = (
				AC6DBC271FED59C800C62610 /* Base */,
			);
			name = LaunchScreen.storyboard;
			sourceTree = "<group>";
		};
/* End PBXVariantGroup section */

/* Begin XCBuildConfiguration section */
		AC6DBC2A1FED59C800C62610 /* Debug */ = {
			isa = XCBuildConfiguration;
			buildSettings = {
				ALWAYS_SEARCH_USER_PATHS = NO;
				CLANG_ANALYZER_NONNULL = YES;
				CLANG_ANALYZER_NUMBER_OBJECT_CONVERSION = YES_AGGRESSIVE;
				CLANG_CXX_LANGUAGE_STANDARD = "gnu++14";
				CLANG_CXX_LIBRARY = "libc++";
				CLANG_ENABLE_MODULES = YES;
				CLANG_ENABLE_OBJC_ARC = YES;
				CLANG_WARN_BLOCK_CAPTURE_AUTORELEASING = YES;
				CLANG_WARN_BOOL_CONVERSION = YES;
				CLANG_WARN_COMMA = YES;
				CLANG_WARN_CONSTANT_CONVERSION = YES;
				CLANG_WARN_DIRECT_OBJC_ISA_USAGE = YES_ERROR;
				CLANG_WARN_DOCUMENTATION_COMMENTS = YES;
				CLANG_WARN_EMPTY_BODY = YES;
				CLANG_WARN_ENUM_CONVERSION = YES;
				CLANG_WARN_INFINITE_RECURSION = YES;
				CLANG_WARN_INT_CONVERSION = YES;
				CLANG_WARN_NON_LITERAL_NULL_CONVERSION = YES;
				CLANG_WARN_OBJC_LITERAL_CONVERSION = YES;
				CLANG_WARN_OBJC_ROOT_CLASS = YES_ERROR;
				CLANG_WARN_RANGE_LOOP_ANALYSIS = YES;
				CLANG_WARN_STRICT_PROTOTYPES = YES;
				CLANG_WARN_SUSPICIOUS_MOVE = YES;
				CLANG_WARN_UNGUARDED_AVAILABILITY = YES_AGGRESSIVE;
				CLANG_WARN_UNREACHABLE_CODE = YES;
				CLANG_WARN__DUPLICATE_METHOD_MATCH = YES;
				CODE_SIGN_IDENTITY = "iPhone Developer";
				COPY_PHASE_STRIP = NO;
				DEBUG_INFORMATION_FORMAT = dwarf;
				ENABLE_STRICT_OBJC_MSGSEND = YES;
				ENABLE_TESTABILITY = YES;
				GCC_C_LANGUAGE_STANDARD = gnu11;
				GCC_DYNAMIC_NO_PIC = NO;
				GCC_NO_COMMON_BLOCKS = YES;
				GCC_OPTIMIZATION_LEVEL = 0;
				GCC_PREPROCESSOR_DEFINITIONS = (
					"DEBUG=1",
					"$(inherited)",
				);
				GCC_WARN_64_TO_32_BIT_CONVERSION = YES;
				GCC_WARN_ABOUT_RETURN_TYPE = YES_ERROR;
				GCC_WARN_UNDECLARED_SELECTOR = YES;
				GCC_WARN_UNINITIALIZED_AUTOS = YES_AGGRESSIVE;
				GCC_WARN_UNUSED_FUNCTION = YES;
				GCC_WARN_UNUSED_VARIABLE = YES;
				IPHONEOS_DEPLOYMENT_TARGET = 11.2;
				MTL_ENABLE_DEBUG_INFO = YES;
				ONLY_ACTIVE_ARCH = YES;
				SDKROOT = iphoneos;
				SWIFT_ACTIVE_COMPILATION_CONDITIONS = DEBUG;
				SWIFT_OPTIMIZATION_LEVEL = "-Onone";
			};
			name = Debug;
		};
		AC6DBC2B1FED59C800C62610 /* Release */ = {
			isa = XCBuildConfiguration;
			buildSettings = {
				ALWAYS_SEARCH_USER_PATHS = NO;
				CLANG_ANALYZER_NONNULL = YES;
				CLANG_ANALYZER_NUMBER_OBJECT_CONVERSION = YES_AGGRESSIVE;
				CLANG_CXX_LANGUAGE_STANDARD = "gnu++14";
				CLANG_CXX_LIBRARY = "libc++";
				CLANG_ENABLE_MODULES = YES;
				CLANG_ENABLE_OBJC_ARC = YES;
				CLANG_WARN_BLOCK_CAPTURE_AUTORELEASING = YES;
				CLANG_WARN_BOOL_CONVERSION = YES;
				CLANG_WARN_COMMA = YES;
				CLANG_WARN_CONSTANT_CONVERSION = YES;
				CLANG_WARN_DIRECT_OBJC_ISA_USAGE = YES_ERROR;
				CLANG_WARN_DOCUMENTATION_COMMENTS = YES;
				CLANG_WARN_EMPTY_BODY = YES;
				CLANG_WARN_ENUM_CONVERSION = YES;
				CLANG_WARN_INFINITE_RECURSION = YES;
				CLANG_WARN_INT_CONVERSION = YES;
				CLANG_WARN_NON_LITERAL_NULL_CONVERSION = YES;
				CLANG_WARN_OBJC_LITERAL_CONVERSION = YES;
				CLANG_WARN_OBJC_ROOT_CLASS = YES_ERROR;
				CLANG_WARN_RANGE_LOOP_ANALYSIS = YES;
				CLANG_WARN_STRICT_PROTOTYPES = YES;
				CLANG_WARN_SUSPICIOUS_MOVE = YES;
				CLANG_WARN_UNGUARDED_AVAILABILITY = YES_AGGRESSIVE;
				CLANG_WARN_UNREACHABLE_CODE = YES;
				CLANG_WARN__DUPLICATE_METHOD_MATCH = YES;
				CODE_SIGN_IDENTITY = "iPhone Developer";
				COPY_PHASE_STRIP = NO;
				DEBUG_INFORMATION_FORMAT = "dwarf-with-dsym";
				ENABLE_NS_ASSERTIONS = NO;
				ENABLE_STRICT_OBJC_MSGSEND = YES;
				GCC_C_LANGUAGE_STANDARD = gnu11;
				GCC_NO_COMMON_BLOCKS = YES;
				GCC_WARN_64_TO_32_BIT_CONVERSION = YES;
				GCC_WARN_ABOUT_RETURN_TYPE = YES_ERROR;
				GCC_WARN_UNDECLARED_SELECTOR = YES;
				GCC_WARN_UNINITIALIZED_AUTOS = YES_AGGRESSIVE;
				GCC_WARN_UNUSED_FUNCTION = YES;
				GCC_WARN_UNUSED_VARIABLE = YES;
				IPHONEOS_DEPLOYMENT_TARGET = 11.2;
				MTL_ENABLE_DEBUG_INFO = NO;
				SDKROOT = iphoneos;
				SWIFT_OPTIMIZATION_LEVEL = "-Owholemodule";
				VALIDATE_PRODUCT = YES;
			};
			name = Release;
		};
		AC6DBC2D1FED59C800C62610 /* Debug */ = {
			isa = XCBuildConfiguration;
			baseConfigurationReference = 8672F46D9C6590869CACB5BE /* Pods-Wootis.debug.xcconfig */;
			buildSettings = {
				ASSETCATALOG_COMPILER_APPICON_NAME = AppIcon;
				CLANG_ENABLE_MODULES = YES;
				CODE_SIGN_STYLE = Automatic;
				DEVELOPMENT_TEAM = LX4P693W2D;
				INFOPLIST_FILE = Wootis/Info.plist;
				IPHONEOS_DEPLOYMENT_TARGET = 11.3;
				LD_RUNPATH_SEARCH_PATHS = "$(inherited) @executable_path/Frameworks";
				PRODUCT_BUNDLE_IDENTIFIER = alexlopez.com.Wootis;
				PRODUCT_NAME = "$(TARGET_NAME)";
				SWIFT_OBJC_BRIDGING_HEADER = "Wootis/Wootis-Bridging-Header.h";
				SWIFT_OPTIMIZATION_LEVEL = "-Onone";
				SWIFT_VERSION = 4.0;
				TARGETED_DEVICE_FAMILY = 1;
			};
			name = Debug;
		};
		AC6DBC2E1FED59C800C62610 /* Release */ = {
			isa = XCBuildConfiguration;
			baseConfigurationReference = B114D64ABE5D76283EF4376B /* Pods-Wootis.release.xcconfig */;
			buildSettings = {
				ASSETCATALOG_COMPILER_APPICON_NAME = AppIcon;
				CLANG_ENABLE_MODULES = YES;
				CODE_SIGN_STYLE = Automatic;
				DEVELOPMENT_TEAM = LX4P693W2D;
				INFOPLIST_FILE = Wootis/Info.plist;
				IPHONEOS_DEPLOYMENT_TARGET = 11.3;
				LD_RUNPATH_SEARCH_PATHS = "$(inherited) @executable_path/Frameworks";
				PRODUCT_BUNDLE_IDENTIFIER = alexlopez.com.Wootis;
				PRODUCT_NAME = "$(TARGET_NAME)";
				SWIFT_OBJC_BRIDGING_HEADER = "Wootis/Wootis-Bridging-Header.h";
				SWIFT_VERSION = 4.0;
				TARGETED_DEVICE_FAMILY = 1;
			};
			name = Release;
		};
/* End XCBuildConfiguration section */

/* Begin XCConfigurationList section */
		AC6DBC151FED59C800C62610 /* Build configuration list for PBXProject "Wootis" */ = {
			isa = XCConfigurationList;
			buildConfigurations = (
				AC6DBC2A1FED59C800C62610 /* Debug */,
				AC6DBC2B1FED59C800C62610 /* Release */,
			);
			defaultConfigurationIsVisible = 0;
			defaultConfigurationName = Release;
		};
		AC6DBC2C1FED59C800C62610 /* Build configuration list for PBXNativeTarget "Wootis" */ = {
			isa = XCConfigurationList;
			buildConfigurations = (
				AC6DBC2D1FED59C800C62610 /* Debug */,
				AC6DBC2E1FED59C800C62610 /* Release */,
			);
			defaultConfigurationIsVisible = 0;
			defaultConfigurationName = Release;
		};
/* End XCConfigurationList section */
	};
	rootObject = AC6DBC121FED59C800C62610 /* Project object */;
}
